
Microsoft Visual Studio Solution File, Format Version 12.00
# Visual Studio 15
VisualStudioVersion = 15.0.27428.2043
MinimumVisualStudioVersion = 10.0.40219.1
Project("{DA7A21FA-8162-4350-AD77-A8D1B671F3ED}") = "Fundamentals", "Fundamentals\Fundamentals.rxproj", "{B0CFC86A-7441-4984-B218-36AEE139CDB5}"
EndProject
Global
	GlobalSection(SolutionConfigurationPlatforms) = preSolution
		Debug|Any CPU = Debug|Any CPU
		Release|Any CPU = Release|Any CPU
	EndGlobalSection
	GlobalSection(ProjectConfigurationPlatforms) = postSolution
		{B0CFC86A-7441-4984-B218-36AEE139CDB5}.Debug|Any CPU.ActiveCfg = Debug|Any CPU
		{B0CFC86A-7441-4984-B218-36AEE139CDB5}.Debug|Any CPU.Build.0 = Debug|Any CPU
		{B0CFC86A-7441-4984-B218-36AEE139CDB5}.Release|Any CPU.ActiveCfg = Release|Any CPU
		{B0CFC86A-7441-4984-B218-36AEE139CDB5}.Release|Any CPU.Build.0 = Release|Any CPU
	EndGlobalSection
	GlobalSection(SolutionProperties) = preSolution
		HideSolutionNode = FALSE
	EndGlobalSection
	GlobalSection(ExtensibilityGlobals) = postSolution
		SolutionGuid = {2C60FE87-C37F-4B42-83CC-B80DC02365E7}
	EndGlobalSection
EndGlobal
